
Microsoft Visual Studio Solution File, Format Version 12.00
# Visual Studio 15
VisualStudioVersion = 15.0.27130.2036
MinimumVisualStudioVersion = 10.0.40219.1
Project("{FAE04EC0-301F-11D3-BF4B-00C04F79EFBC}") = "WpfApp1", "WpfApp1\WpfApp1.csproj", "{7D30C244-B67C-4762-A4F6-5B1EDFDC6ABE}"
EndProject
Global
	GlobalSection(SolutionConfigurationPlatforms) = preSolution
		Debug|Any CPU = Debug|Any CPU
		Release|Any CPU = Release|Any CPU
	EndGlobalSection
	GlobalSection(ProjectConfigurationPlatforms) = postSolution
		{7D30C244-B67C-4762-A4F6-5B1EDFDC6ABE}.Debug|Any CPU.ActiveCfg = Debug|Any CPU
		{7D30C244-B67C-4762-A4F6-5B1EDFDC6ABE}.Debug|Any CPU.Build.0 = Debug|Any CPU
		{7D30C244-B67C-4762-A4F6-5B1EDFDC6ABE}.Release|Any CPU.ActiveCfg = Release|Any CPU
		{7D30C244-B67C-4762-A4F6-5B1EDFDC6ABE}.Release|Any CPU.Build.0 = Release|Any CPU
	EndGlobalSection
	GlobalSection(SolutionProperties) = preSolution
		HideSolutionNode = FALSE
	EndGlobalSection
	GlobalSection(ExtensibilityGlobals) = postSolution
		SolutionGuid = {768C7A86-F18D-4700-BEDB-48708CE17390}
	EndGlobalSection
EndGlobal
